// !$*UTF8*$!
{
	archiveVersion = 1;
	classes = {
	};
	objectVersion = 46;
	objects = {

/* Begin PBXBuildFile section */
		DA372D401C3D883D00494B96 /* main.m in Sources */ = {isa = PBXBuildFile; fileRef = DA372D3F1C3D883D00494B96 /* main.m */; };
		DA372D431C3D883D00494B96 /* AppDelegate.m in Sources */ = {isa = PBXBuildFile; fileRef = DA372D421C3D883D00494B96 /* AppDelegate.m */; };
		DA372D461C3D883D00494B96 /* ViewController.m in Sources */ = {isa = PBXBuildFile; fileRef = DA372D451C3D883D00494B96 /* ViewController.m */; };
		DA372D491C3D883D00494B96 /* Main.storyboard in Resources */ = {isa = PBXBuildFile; fileRef = DA372D471C3D883D00494B96 /* Main.storyboard */; };
		DA372D4B1C3D883D00494B96 /* Assets.xcassets in Resources */ = {isa = PBXBuildFile; fileRef = DA372D4A1C3D883D00494B96 /* Assets.xcassets */; };
		DA372D4E1C3D883D00494B96 /* LaunchScreen.storyboard in Resources */ = {isa = PBXBuildFile; fileRef = DA372D4C1C3D883D00494B96 /* LaunchScreen.storyboard */; };
		DA372D591C3D883D00494B96 /* SinaMicroBlog_iWatchTests.m in Sources */ = {isa = PBXBuildFile; fileRef = DA372D581C3D883D00494B96 /* SinaMicroBlog_iWatchTests.m */; };
		DA372D641C3D883D00494B96 /* SinaMicroBlog_iWatchUITests.m in Sources */ = {isa = PBXBuildFile; fileRef = DA372D631C3D883D00494B96 /* SinaMicroBlog_iWatchUITests.m */; };
		DA372D691C3D883D00494B96 /* SinaMicroBlog-iWatch WatchKit App.app in Embed Watch Content */ = {isa = PBXBuildFile; fileRef = DA372D681C3D883D00494B96 /* SinaMicroBlog-iWatch WatchKit App.app */; };
		DA372D6F1C3D883D00494B96 /* Interface.storyboard in Resources */ = {isa = PBXBuildFile; fileRef = DA372D6D1C3D883D00494B96 /* Interface.storyboard */; };
		DA372D711C3D883D00494B96 /* Assets.xcassets in Resources */ = {isa = PBXBuildFile; fileRef = DA372D701C3D883D00494B96 /* Assets.xcassets */; };
		DA372D781C3D883E00494B96 /* SinaMicroBlog-iWatch WatchKit Extension.appex in Embed App Extensions */ = {isa = PBXBuildFile; fileRef = DA372D771C3D883E00494B96 /* SinaMicroBlog-iWatch WatchKit Extension.appex */; settings = {ATTRIBUTES = (RemoveHeadersOnCopy, ); }; };
		DA372D7E1C3D883E00494B96 /* InterfaceController.m in Sources */ = {isa = PBXBuildFile; fileRef = DA372D7D1C3D883E00494B96 /* InterfaceController.m */; };
		DA372D811C3D883E00494B96 /* ExtensionDelegate.m in Sources */ = {isa = PBXBuildFile; fileRef = DA372D801C3D883E00494B96 /* ExtensionDelegate.m */; };
		DA372D831C3D883E00494B96 /* Assets.xcassets in Resources */ = {isa = PBXBuildFile; fileRef = DA372D821C3D883E00494B96 /* Assets.xcassets */; };
/* End PBXBuildFile section */

/* Begin PBXContainerItemProxy section */
		DA372D551C3D883D00494B96 /* PBXContainerItemProxy */ = {
			isa = PBXContainerItemProxy;
			containerPortal = DA372D331C3D883D00494B96 /* Project object */;
			proxyType = 1;
			remoteGlobalIDString = DA372D3A1C3D883D00494B96;
			remoteInfo = "SinaMicroBlog-iWatch";
		};
		DA372D601C3D883D00494B96 /* PBXContainerItemProxy */ = {
			isa = PBXContainerItemProxy;
			containerPortal = DA372D331C3D883D00494B96 /* Project object */;
			proxyType = 1;
			remoteGlobalIDString = DA372D3A1C3D883D00494B96;
			remoteInfo = "SinaMicroBlog-iWatch";
		};
		DA372D6A1C3D883D00494B96 /* PBXContainerItemProxy */ = {
			isa = PBXContainerItemProxy;
			containerPortal = DA372D331C3D883D00494B96 /* Project object */;
			proxyType = 1;
			remoteGlobalIDString = DA372D671C3D883D00494B96;
			remoteInfo = "SinaMicroBlog-iWatch WatchKit App";
		};
		DA372D791C3D883E00494B96 /* PBXContainerItemProxy */ = {
			isa = PBXContainerItemProxy;
			containerPortal = DA372D331C3D883D00494B96 /* Project object */;
			proxyType = 1;
			remoteGlobalIDString = DA372D761C3D883E00494B96;
			remoteInfo = "SinaMicroBlog-iWatch WatchKit Extension";
		};
/* End PBXContainerItemProxy section */

/* Begin PBXCopyFilesBuildPhase section */
		DA372D8A1C3D883E00494B96 /* Embed App Extensions */ = {
			isa = PBXCopyFilesBuildPhase;
			buildActionMask = 2147483647;
			dstPath = "";
			dstSubfolderSpec = 13;
			files = (
				DA372D781C3D883E00494B96 /* SinaMicroBlog-iWatch WatchKit Extension.appex in Embed App Extensions */,
			);
			name = "Embed App Extensions";
			runOnlyForDeploymentPostprocessing = 0;
		};
		DA372D8E1C3D883E00494B96 /* Embed Watch Content */ = {
			isa = PBXCopyFilesBuildPhase;
			buildActionMask = 2147483647;
			dstPath = "$(CONTENTS_FOLDER_PATH)/Watch";
			dstSubfolderSpec = 16;
			files = (
				DA372D691C3D883D00494B96 /* SinaMicroBlog-iWatch WatchKit App.app in Embed Watch Content */,
			);
			name = "Embed Watch Content";
			runOnlyForDeploymentPostprocessing = 0;
		};
/* End PBXCopyFilesBuildPhase section */

/* Begin PBXFileReference section */
		DA372D3B1C3D883D00494B96 /* SinaMicroBlog-iWatch.app */ = {isa = PBXFileReference; explicitFileType = wrapper.application; includeInIndex = 0; path = "SinaMicroBlog-iWatch.app"; sourceTree = BUILT_PRODUCTS_DIR; };
		DA372D3F1C3D883D00494B96 /* main.m */ = {isa = PBXFileReference; lastKnownFileType = sourcecode.c.objc; path = main.m; sourceTree = "<group>"; };
		DA372D411C3D883D00494B96 /* AppDelegate.h */ = {isa = PBXFileReference; lastKnownFileType = sourcecode.c.h; path = AppDelegate.h; sourceTree = "<group>"; };
		DA372D421C3D883D00494B96 /* AppDelegate.m */ = {isa = PBXFileReference; lastKnownFileType = sourcecode.c.objc; path = AppDelegate.m; sourceTree = "<group>"; };
		DA372D441C3D883D00494B96 /* ViewController.h */ = {isa = PBXFileReference; lastKnownFileType = sourcecode.c.h; path = ViewController.h; sourceTree = "<group>"; };
		DA372D451C3D883D00494B96 /* ViewController.m */ = {isa = PBXFileReference; lastKnownFileType = sourcecode.c.objc; path = ViewController.m; sourceTree = "<group>"; };
		DA372D481C3D883D00494B96 /* Base */ = {isa = PBXFileReference; lastKnownFileType = file.storyboard; name = Base; path = Base.lproj/Main.storyboard; sourceTree = "<group>"; };
		DA372D4A1C3D883D00494B96 /* Assets.xcassets */ = {isa = PBXFileReference; lastKnownFileType = folder.assetcatalog; path = Assets.xcassets; sourceTree = "<group>"; };
		DA372D4D1C3D883D00494B96 /* Base */ = {isa = PBXFileReference; lastKnownFileType = file.storyboard; name = Base; path = Base.lproj/LaunchScreen.storyboard; sourceTree = "<group>"; };
		DA372D4F1C3D883D00494B96 /* Info.plist */ = {isa = PBXFileReference; lastKnownFileType = text.plist.xml; path = Info.plist; sourceTree = "<group>"; };
		DA372D541C3D883D00494B96 /* SinaMicroBlog-iWatchTests.xctest */ = {isa = PBXFileReference; explicitFileType = wrapper.cfbundle; includeInIndex = 0; path = "SinaMicroBlog-iWatchTests.xctest"; sourceTree = BUILT_PRODUCTS_DIR; };
		DA372D581C3D883D00494B96 /* SinaMicroBlog_iWatchTests.m */ = {isa = PBXFileReference; lastKnownFileType = sourcecode.c.objc; path = SinaMicroBlog_iWatchTests.m; sourceTree = "<group>"; };
		DA372D5A1C3D883D00494B96 /* Info.plist */ = {isa = PBXFileReference; lastKnownFileType = text.plist.xml; path = Info.plist; sourceTree = "<group>"; };
		DA372D5F1C3D883D00494B96 /* SinaMicroBlog-iWatchUITests.xctest */ = {isa = PBXFileReference; explicitFileType = wrapper.cfbundle; includeInIndex = 0; path = "SinaMicroBlog-iWatchUITests.xctest"; sourceTree = BUILT_PRODUCTS_DIR; };
		DA372D631C3D883D00494B96 /* SinaMicroBlog_iWatchUITests.m */ = {isa = PBXFileReference; lastKnownFileType = sourcecode.c.objc; path = SinaMicroBlog_iWatchUITests.m; sourceTree = "<group>"; };
		DA372D651C3D883D00494B96 /* Info.plist */ = {isa = PBXFileReference; lastKnownFileType = text.plist.xml; path = Info.plist; sourceTree = "<group>"; };
		DA372D681C3D883D00494B96 /* SinaMicroBlog-iWatch WatchKit App.app */ = {isa = PBXFileReference; explicitFileType = wrapper.application; includeInIndex = 0; path = "SinaMicroBlog-iWatch WatchKit App.app"; sourceTree = BUILT_PRODUCTS_DIR; };
		DA372D6E1C3D883D00494B96 /* Base */ = {isa = PBXFileReference; lastKnownFileType = file.storyboard; name = Base; path = Base.lproj/Interface.storyboard; sourceTree = "<group>"; };
		DA372D701C3D883D00494B96 /* Assets.xcassets */ = {isa = PBXFileReference; lastKnownFileType = folder.assetcatalog; path = Assets.xcassets; sourceTree = "<group>"; };
		DA372D721C3D883D00494B96 /* Info.plist */ = {isa = PBXFileReference; lastKnownFileType = text.plist.xml; path = Info.plist; sourceTree = "<group>"; };
		DA372D771C3D883E00494B96 /* SinaMicroBlog-iWatch WatchKit Extension.appex */ = {isa = PBXFileReference; explicitFileType = "wrapper.app-extension"; includeInIndex = 0; path = "SinaMicroBlog-iWatch WatchKit Extension.appex"; sourceTree = BUILT_PRODUCTS_DIR; };
		DA372D7C1C3D883E00494B96 /* InterfaceController.h */ = {isa = PBXFileReference; lastKnownFileType = sourcecode.c.h; path = InterfaceController.h; sourceTree = "<group>"; };
		DA372D7D1C3D883E00494B96 /* InterfaceController.m */ = {isa = PBXFileReference; lastKnownFileType = sourcecode.c.objc; path = InterfaceController.m; sourceTree = "<group>"; };
		DA372D7F1C3D883E00494B96 /* ExtensionDelegate.h */ = {isa = PBXFileReference; lastKnownFileType = sourcecode.c.h; path = ExtensionDelegate.h; sourceTree = "<group>"; };
		DA372D801C3D883E00494B96 /* ExtensionDelegate.m */ = {isa = PBXFileReference; lastKnownFileType = sourcecode.c.objc; path = ExtensionDelegate.m; sourceTree = "<group>"; };
		DA372D821C3D883E00494B96 /* Assets.xcassets */ = {isa = PBXFileReference; lastKnownFileType = folder.assetcatalog; path = Assets.xcassets; sourceTree = "<group>"; };
		DA372D841C3D883E00494B96 /* Info.plist */ = {isa = PBXFileReference; lastKnownFileType = text.plist.xml; path = Info.plist; sourceTree = "<group>"; };
/* End PBXFileReference section */

/* Begin PBXFrameworksBuildPhase section */
		DA372D381C3D883D00494B96 /* Frameworks */ = {
			isa = PBXFrameworksBuildPhase;
			buildActionMask = 2147483647;
			files = (
			);
			runOnlyForDeploymentPostprocessing = 0;
		};
		DA372D511C3D883D00494B96 /* Frameworks */ = {
			isa = PBXFrameworksBuildPhase;
			buildActionMask = 2147483647;
			files = (
			);
			runOnlyForDeploymentPostprocessing = 0;
		};
		DA372D5C1C3D883D00494B96 /* Frameworks */ = {
			isa = PBXFrameworksBuildPhase;
			buildActionMask = 2147483647;
			files = (
			);
			runOnlyForDeploymentPostprocessing = 0;
		};
		DA372D741C3D883E00494B96 /* Frameworks */ = {
			isa = PBXFrameworksBuildPhase;
			buildActionMask = 2147483647;
			files = (
			);
			runOnlyForDeploymentPostprocessing = 0;
		};
/* End PBXFrameworksBuildPhase section */

/* Begin PBXGroup section */
		DA372D321C3D883D00494B96 = {
			isa = PBXGroup;
			children = (
				DA372D3D1C3D883D00494B96 /* SinaMicroBlog-iWatch */,
				DA372D571C3D883D00494B96 /* SinaMicroBlog-iWatchTests */,
				DA372D621C3D883D00494B96 /* SinaMicroBlog-iWatchUITests */,
				DA372D6C1C3D883D00494B96 /* SinaMicroBlog-iWatch WatchKit App */,
				DA372D7B1C3D883E00494B96 /* SinaMicroBlog-iWatch WatchKit Extension */,
				DA372D3C1C3D883D00494B96 /* Products */,
			);
			sourceTree = "<group>";
		};
		DA372D3C1C3D883D00494B96 /* Products */ = {
			isa = PBXGroup;
			children = (
				DA372D3B1C3D883D00494B96 /* SinaMicroBlog-iWatch.app */,
				DA372D541C3D883D00494B96 /* SinaMicroBlog-iWatchTests.xctest */,
				DA372D5F1C3D883D00494B96 /* SinaMicroBlog-iWatchUITests.xctest */,
				DA372D681C3D883D00494B96 /* SinaMicroBlog-iWatch WatchKit App.app */,
				DA372D771C3D883E00494B96 /* SinaMicroBlog-iWatch WatchKit Extension.appex */,
			);
			name = Products;
			sourceTree = "<group>";
		};
		DA372D3D1C3D883D00494B96 /* SinaMicroBlog-iWatch */ = {
			isa = PBXGroup;
			children = (
				DA372D411C3D883D00494B96 /* AppDelegate.h */,
				DA372D421C3D883D00494B96 /* AppDelegate.m */,
				DA372D441C3D883D00494B96 /* ViewController.h */,
				DA372D451C3D883D00494B96 /* ViewController.m */,
				DA372D471C3D883D00494B96 /* Main.storyboard */,
				DA372D4A1C3D883D00494B96 /* Assets.xcassets */,
				DA372D4C1C3D883D00494B96 /* LaunchScreen.storyboard */,
				DA372D4F1C3D883D00494B96 /* Info.plist */,
				DA372D3E1C3D883D00494B96 /* Supporting Files */,
			);
			path = "SinaMicroBlog-iWatch";
			sourceTree = "<group>";
		};
		DA372D3E1C3D883D00494B96 /* Supporting Files */ = {
			isa = PBXGroup;
			children = (
				DA372D3F1C3D883D00494B96 /* main.m */,
			);
			name = "Supporting Files";
			sourceTree = "<group>";
		};
		DA372D571C3D883D00494B96 /* SinaMicroBlog-iWatchTests */ = {
			isa = PBXGroup;
			children = (
				DA372D581C3D883D00494B96 /* SinaMicroBlog_iWatchTests.m */,
				DA372D5A1C3D883D00494B96 /* Info.plist */,
			);
			path = "SinaMicroBlog-iWatchTests";
			sourceTree = "<group>";
		};
		DA372D621C3D883D00494B96 /* SinaMicroBlog-iWatchUITests */ = {
			isa = PBXGroup;
			children = (
				DA372D631C3D883D00494B96 /* SinaMicroBlog_iWatchUITests.m */,
				DA372D651C3D883D00494B96 /* Info.plist */,
			);
			path = "SinaMicroBlog-iWatchUITests";
			sourceTree = "<group>";
		};
		DA372D6C1C3D883D00494B96 /* SinaMicroBlog-iWatch WatchKit App */ = {
			isa = PBXGroup;
			children = (
				DA372D6D1C3D883D00494B96 /* Interface.storyboard */,
				DA372D701C3D883D00494B96 /* Assets.xcassets */,
				DA372D721C3D883D00494B96 /* Info.plist */,
			);
			path = "SinaMicroBlog-iWatch WatchKit App";
			sourceTree = "<group>";
		};
		DA372D7B1C3D883E00494B96 /* SinaMicroBlog-iWatch WatchKit Extension */ = {
			isa = PBXGroup;
			children = (
				DA372D7C1C3D883E00494B96 /* InterfaceController.h */,
				DA372D7D1C3D883E00494B96 /* InterfaceController.m */,
				DA372D7F1C3D883E00494B96 /* ExtensionDelegate.h */,
				DA372D801C3D883E00494B96 /* ExtensionDelegate.m */,
				DA372D821C3D883E00494B96 /* Assets.xcassets */,
				DA372D841C3D883E00494B96 /* Info.plist */,
			);
			path = "SinaMicroBlog-iWatch WatchKit Extension";
			sourceTree = "<group>";
		};
/* End PBXGroup section */

/* Begin PBXNativeTarget section */
		DA372D3A1C3D883D00494B96 /* SinaMicroBlog-iWatch */ = {
			isa = PBXNativeTarget;
			buildConfigurationList = DA372D8F1C3D883E00494B96 /* Build configuration list for PBXNativeTarget "SinaMicroBlog-iWatch" */;
			buildPhases = (
				DA372D371C3D883D00494B96 /* Sources */,
				DA372D381C3D883D00494B96 /* Frameworks */,
				DA372D391C3D883D00494B96 /* Resources */,
				DA372D8E1C3D883E00494B96 /* Embed Watch Content */,
			);
			buildRules = (
			);
			dependencies = (
				DA372D6B1C3D883D00494B96 /* PBXTargetDependency */,
			);
			name = "SinaMicroBlog-iWatch";
			productName = "SinaMicroBlog-iWatch";
			productReference = DA372D3B1C3D883D00494B96 /* SinaMicroBlog-iWatch.app */;
			productType = "com.apple.product-type.application";
		};
		DA372D531C3D883D00494B96 /* SinaMicroBlog-iWatchTests */ = {
			isa = PBXNativeTarget;
			buildConfigurationList = DA372D921C3D883E00494B96 /* Build configuration list for PBXNativeTarget "SinaMicroBlog-iWatchTests" */;
			buildPhases = (
				DA372D501C3D883D00494B96 /* Sources */,
				DA372D511C3D883D00494B96 /* Frameworks */,
				DA372D521C3D883D00494B96 /* Resources */,
			);
			buildRules = (
			);
			dependencies = (
				DA372D561C3D883D00494B96 /* PBXTargetDependency */,
			);
			name = "SinaMicroBlog-iWatchTests";
			productName = "SinaMicroBlog-iWatchTests";
			productReference = DA372D541C3D883D00494B96 /* SinaMicroBlog-iWatchTests.xctest */;
			productType = "com.apple.product-type.bundle.unit-test";
		};
		DA372D5E1C3D883D00494B96 /* SinaMicroBlog-iWatchUITests */ = {
			isa = PBXNativeTarget;
			buildConfigurationList = DA372D951C3D883E00494B96 /* Build configuration list for PBXNativeTarget "SinaMicroBlog-iWatchUITests" */;
			buildPhases = (
				DA372D5B1C3D883D00494B96 /* Sources */,
				DA372D5C1C3D883D00494B96 /* Frameworks */,
				DA372D5D1C3D883D00494B96 /* Resources */,
			);
			buildRules = (
			);
			dependencies = (
				DA372D611C3D883D00494B96 /* PBXTargetDependency */,
			);
			name = "SinaMicroBlog-iWatchUITests";
			productName = "SinaMicroBlog-iWatchUITests";
			productReference = DA372D5F1C3D883D00494B96 /* SinaMicroBlog-iWatchUITests.xctest */;
			productType = "com.apple.product-type.bundle.ui-testing";
		};
		DA372D671C3D883D00494B96 /* SinaMicroBlog-iWatch WatchKit App */ = {
			isa = PBXNativeTarget;
			buildConfigurationList = DA372D8B1C3D883E00494B96 /* Build configuration list for PBXNativeTarget "SinaMicroBlog-iWatch WatchKit App" */;
			buildPhases = (
				DA372D661C3D883D00494B96 /* Resources */,
				DA372D8A1C3D883E00494B96 /* Embed App Extensions */,
			);
			buildRules = (
			);
			dependencies = (
				DA372D7A1C3D883E00494B96 /* PBXTargetDependency */,
			);
			name = "SinaMicroBlog-iWatch WatchKit App";
			productName = "SinaMicroBlog-iWatch WatchKit App";
			productReference = DA372D681C3D883D00494B96 /* SinaMicroBlog-iWatch WatchKit App.app */;
			productType = "com.apple.product-type.application.watchapp2";
		};
		DA372D761C3D883E00494B96 /* SinaMicroBlog-iWatch WatchKit Extension */ = {
			isa = PBXNativeTarget;
			buildConfigurationList = DA372D871C3D883E00494B96 /* Build configuration list for PBXNativeTarget "SinaMicroBlog-iWatch WatchKit Extension" */;
			buildPhases = (
				DA372D731C3D883E00494B96 /* Sources */,
				DA372D741C3D883E00494B96 /* Frameworks */,
				DA372D751C3D883E00494B96 /* Resources */,
			);
			buildRules = (
			);
			dependencies = (
			);
			name = "SinaMicroBlog-iWatch WatchKit Extension";
			productName = "SinaMicroBlog-iWatch WatchKit Extension";
			productReference = DA372D771C3D883E00494B96 /* SinaMicroBlog-iWatch WatchKit Extension.appex */;
			productType = "com.apple.product-type.watchkit2-extension";
		};
/* End PBXNativeTarget section */

/* Begin PBXProject section */
		DA372D331C3D883D00494B96 /* Project object */ = {
			isa = PBXProject;
			attributes = {
				LastUpgradeCheck = 0720;
				ORGANIZATIONNAME = "Pengfei Xing";
				TargetAttributes = {
					DA372D3A1C3D883D00494B96 = {
						CreatedOnToolsVersion = 7.2;
						DevelopmentTeam = YGY2WW4NV7;
					};
					DA372D531C3D883D00494B96 = {
						CreatedOnToolsVersion = 7.2;
						DevelopmentTeam = YGY2WW4NV7;
						TestTargetID = DA372D3A1C3D883D00494B96;
					};
					DA372D5E1C3D883D00494B96 = {
						CreatedOnToolsVersion = 7.2;
						DevelopmentTeam = YGY2WW4NV7;
						TestTargetID = DA372D3A1C3D883D00494B96;
					};
					DA372D671C3D883D00494B96 = {
						CreatedOnToolsVersion = 7.2;
						DevelopmentTeam = YGY2WW4NV7;
					};
					DA372D761C3D883E00494B96 = {
						CreatedOnToolsVersion = 7.2;
						DevelopmentTeam = YGY2WW4NV7;
					};
				};
			};
			buildConfigurationList = DA372D361C3D883D00494B96 /* Build configuration list for PBXProject "SinaMicroBlog-iWatch" */;
			compatibilityVersion = "Xcode 3.2";
			developmentRegion = English;
			hasScannedForEncodings = 0;
			knownRegions = (
				en,
				Base,
			);
			mainGroup = DA372D321C3D883D00494B96;
			productRefGroup = DA372D3C1C3D883D00494B96 /* Products */;
			projectDirPath = "";
			projectRoot = "";
			targets = (
				DA372D3A1C3D883D00494B96 /* SinaMicroBlog-iWatch */,
				DA372D531C3D883D00494B96 /* SinaMicroBlog-iWatchTests */,
				DA372D5E1C3D883D00494B96 /* SinaMicroBlog-iWatchUITests */,
				DA372D671C3D883D00494B96 /* SinaMicroBlog-iWatch WatchKit App */,
				DA372D761C3D883E00494B96 /* SinaMicroBlog-iWatch WatchKit Extension */,
			);
		};
/* End PBXProject section */

/* Begin PBXResourcesBuildPhase section */
		DA372D391C3D883D00494B96 /* Resources */ = {
			isa = PBXResourcesBuildPhase;
			buildActionMask = 2147483647;
			files = (
				DA372D4E1C3D883D00494B96 /* LaunchScreen.storyboard in Resources */,
				DA372D4B1C3D883D00494B96 /* Assets.xcassets in Resources */,
				DA372D491C3D883D00494B96 /* Main.storyboard in Resources */,
			);
			runOnlyForDeploymentPostprocessing = 0;
		};
		DA372D521C3D883D00494B96 /* Resources */ = {
			isa = PBXResourcesBuildPhase;
			buildActionMask = 2147483647;
			files = (
			);
			runOnlyForDeploymentPostprocessing = 0;
		};
		DA372D5D1C3D883D00494B96 /* Resources */ = {
			isa = PBXResourcesBuildPhase;
			buildActionMask = 2147483647;
			files = (
			);
			runOnlyForDeploymentPostprocessing = 0;
		};
		DA372D661C3D883D00494B96 /* Resources */ = {
			isa = PBXResourcesBuildPhase;
			buildActionMask = 2147483647;
			files = (
				DA372D711C3D883D00494B96 /* Assets.xcassets in Resources */,
				DA372D6F1C3D883D00494B96 /* Interface.storyboard in Resources */,
			);
			runOnlyForDeploymentPostprocessing = 0;
		};
		DA372D751C3D883E00494B96 /* Resources */ = {
			isa = PBXResourcesBuildPhase;
			buildActionMask = 2147483647;
			files = (
				DA372D831C3D883E00494B96 /* Assets.xcassets in Resources */,
			);
			runOnlyForDeploymentPostprocessing = 0;
		};
/* End PBXResourcesBuildPhase section */

/* Begin PBXSourcesBuildPhase section */
		DA372D371C3D883D00494B96 /* Sources */ = {
			isa = PBXSourcesBuildPhase;
			buildActionMask = 2147483647;
			files = (
				DA372D461C3D883D00494B96 /* ViewController.m in Sources */,
				DA372D431C3D883D00494B96 /* AppDelegate.m in Sources */,
				DA372D401C3D883D00494B96 /* main.m in Sources */,
			);
			runOnlyForDeploymentPostprocessing = 0;
		};
		DA372D501C3D883D00494B96 /* Sources */ = {
			isa = PBXSourcesBuildPhase;
			buildActionMask = 2147483647;
			files = (
				DA372D591C3D883D00494B96 /* SinaMicroBlog_iWatchTests.m in Sources */,
			);
			runOnlyForDeploymentPostprocessing = 0;
		};
		DA372D5B1C3D883D00494B96 /* Sources */ = {
			isa = PBXSourcesBuildPhase;
			buildActionMask = 2147483647;
			files = (
				DA372D641C3D883D00494B96 /* SinaMicroBlog_iWatchUITests.m in Sources */,
			);
			runOnlyForDeploymentPostprocessing = 0;
		};
		DA372D731C3D883E00494B96 /* Sources */ = {
			isa = PBXSourcesBuildPhase;
			buildActionMask = 2147483647;
			files = (
				DA372D811C3D883E00494B96 /* ExtensionDelegate.m in Sources */,
				DA372D7E1C3D883E00494B96 /* InterfaceController.m in Sources */,
			);
			runOnlyForDeploymentPostprocessing = 0;
		};
/* End PBXSourcesBuildPhase section */

/* Begin PBXTargetDependency section */
		DA372D561C3D883D00494B96 /* PBXTargetDependency */ = {
			isa = PBXTargetDependency;
			target = DA372D3A1C3D883D00494B96 /* SinaMicroBlog-iWatch */;
			targetProxy = DA372D551C3D883D00494B96 /* PBXContainerItemProxy */;
		};
		DA372D611C3D883D00494B96 /* PBXTargetDependency */ = {
			isa = PBXTargetDependency;
			target = DA372D3A1C3D883D00494B96 /* SinaMicroBlog-iWatch */;
			targetProxy = DA372D601C3D883D00494B96 /* PBXContainerItemProxy */;
		};
		DA372D6B1C3D883D00494B96 /* PBXTargetDependency */ = {
			isa = PBXTargetDependency;
			target = DA372D671C3D883D00494B96 /* SinaMicroBlog-iWatch WatchKit App */;
			targetProxy = DA372D6A1C3D883D00494B96 /* PBXContainerItemProxy */;
		};
		DA372D7A1C3D883E00494B96 /* PBXTargetDependency */ = {
			isa = PBXTargetDependency;
			target = DA372D761C3D883E00494B96 /* SinaMicroBlog-iWatch WatchKit Extension */;
			targetProxy = DA372D791C3D883E00494B96 /* PBXContainerItemProxy */;
		};
/* End PBXTargetDependency section */

/* Begin PBXVariantGroup section */
		DA372D471C3D883D00494B96 /* Main.storyboard */ = {
			isa = PBXVariantGroup;
			children = (
				DA372D481C3D883D00494B96 /* Base */,
			);
			name = Main.storyboard;
			sourceTree = "<group>";
		};
		DA372D4C1C3D883D00494B96 /* LaunchScreen.storyboard */ = {
			isa = PBXVariantGroup;
			children = (
				DA372D4D1C3D883D00494B96 /* Base */,
			);
			name = LaunchScreen.storyboard;
			sourceTree = "<group>";
		};
		DA372D6D1C3D883D00494B96 /* Interface.storyboard */ = {
			isa = PBXVariantGroup;
			children = (
				DA372D6E1C3D883D00494B96 /* Base */,
			);
			name = Interface.storyboard;
			sourceTree = "<group>";
		};
/* End PBXVariantGroup section */

/* Begin XCBuildConfiguration section */
		DA372D851C3D883E00494B96 /* Debug */ = {
			isa = XCBuildConfiguration;
			buildSettings = {
				ALWAYS_SEARCH_USER_PATHS = NO;
				CLANG_CXX_LANGUAGE_STANDARD = "gnu++0x";
				CLANG_CXX_LIBRARY = "libc++";
				CLANG_ENABLE_MODULES = YES;
				CLANG_ENABLE_OBJC_ARC = YES;
				CLANG_WARN_BOOL_CONVERSION = YES;
				CLANG_WARN_CONSTANT_CONVERSION = YES;
				CLANG_WARN_DIRECT_OBJC_ISA_USAGE = YES_ERROR;
				CLANG_WARN_EMPTY_BODY = YES;
				CLANG_WARN_ENUM_CONVERSION = YES;
				CLANG_WARN_INT_CONVERSION = YES;
				CLANG_WARN_OBJC_ROOT_CLASS = YES_ERROR;
				CLANG_WARN_UNREACHABLE_CODE = YES;
				CLANG_WARN__DUPLICATE_METHOD_MATCH = YES;
				"CODE_SIGN_IDENTITY[sdk=iphoneos*]" = "iPhone Developer";
				COPY_PHASE_STRIP = NO;
				DEBUG_INFORMATION_FORMAT = dwarf;
				ENABLE_STRICT_OBJC_MSGSEND = YES;
				ENABLE_TESTABILITY = YES;
				GCC_C_LANGUAGE_STANDARD = gnu99;
				GCC_DYNAMIC_NO_PIC = NO;
				GCC_NO_COMMON_BLOCKS = YES;
				GCC_OPTIMIZATION_LEVEL = 0;
				GCC_PREPROCESSOR_DEFINITIONS = (
					"DEBUG=1",
					"$(inherited)",
				);
				GCC_WARN_64_TO_32_BIT_CONVERSION = YES;
				GCC_WARN_ABOUT_RETURN_TYPE = YES_ERROR;
				GCC_WARN_UNDECLARED_SELECTOR = YES;
				GCC_WARN_UNINITIALIZED_AUTOS = YES_AGGRESSIVE;
				GCC_WARN_UNUSED_FUNCTION = YES;
				GCC_WARN_UNUSED_VARIABLE = YES;
				IPHONEOS_DEPLOYMENT_TARGET = 9.2;
				MTL_ENABLE_DEBUG_INFO = YES;
				ONLY_ACTIVE_ARCH = YES;
				SDKROOT = iphoneos;
			};
			name = Debug;
		};
		DA372D861C3D883E00494B96 /* Release */ = {
			isa = XCBuildConfiguration;
			buildSettings = {
				ALWAYS_SEARCH_USER_PATHS = NO;
				CLANG_CXX_LANGUAGE_STANDARD = "gnu++0x";
				CLANG_CXX_LIBRARY = "libc++";
				CLANG_ENABLE_MODULES = YES;
				CLANG_ENABLE_OBJC_ARC = YES;
				CLANG_WARN_BOOL_CONVERSION = YES;
				CLANG_WARN_CONSTANT_CONVERSION = YES;
				CLANG_WARN_DIRECT_OBJC_ISA_USAGE = YES_ERROR;
				CLANG_WARN_EMPTY_BODY = YES;
				CLANG_WARN_ENUM_CONVERSION = YES;
				CLANG_WARN_INT_CONVERSION = YES;
				CLANG_WARN_OBJC_ROOT_CLASS = YES_ERROR;
				CLANG_WARN_UNREACHABLE_CODE = YES;
				CLANG_WARN__DUPLICATE_METHOD_MATCH = YES;
				"CODE_SIGN_IDENTITY[sdk=iphoneos*]" = "iPhone Developer";
				COPY_PHASE_STRIP = NO;
				DEBUG_INFORMATION_FORMAT = "dwarf-with-dsym";
				ENABLE_NS_ASSERTIONS = NO;
				ENABLE_STRICT_OBJC_MSGSEND = YES;
				GCC_C_LANGUAGE_STANDARD = gnu99;
				GCC_NO_COMMON_BLOCKS = YES;
				GCC_WARN_64_TO_32_BIT_CONVERSION = YES;
				GCC_WARN_ABOUT_RETURN_TYPE = YES_ERROR;
				GCC_WARN_UNDECLARED_SELECTOR = YES;
				GCC_WARN_UNINITIALIZED_AUTOS = YES_AGGRESSIVE;
				GCC_WARN_UNUSED_FUNCTION = YES;
				GCC_WARN_UNUSED_VARIABLE = YES;
				IPHONEOS_DEPLOYMENT_TARGET = 9.2;
				MTL_ENABLE_DEBUG_INFO = NO;
				SDKROOT = iphoneos;
				VALIDATE_PRODUCT = YES;
			};
			name = Release;
		};
		DA372D881C3D883E00494B96 /* Debug */ = {
			isa = XCBuildConfiguration;
			buildSettings = {
				INFOPLIST_FILE = "SinaMicroBlog-iWatch WatchKit Extension/Info.plist";
				LD_RUNPATH_SEARCH_PATHS = "$(inherited) @executable_path/Frameworks @executable_path/../../Frameworks";
				PRODUCT_BUNDLE_IDENTIFIER = "com.pengfeixing.SinaMicroBlog-iWatch.watchkitapp.watchkitextension";
				PRODUCT_NAME = "${TARGET_NAME}";
				SDKROOT = watchos;
				SKIP_INSTALL = YES;
				TARGETED_DEVICE_FAMILY = 4;
				WATCHOS_DEPLOYMENT_TARGET = 2.1;
			};
			name = Debug;
		};
		DA372D891C3D883E00494B96 /* Release */ = {
			isa = XCBuildConfiguration;
			buildSettings = {
				INFOPLIST_FILE = "SinaMicroBlog-iWatch WatchKit Extension/Info.plist";
				LD_RUNPATH_SEARCH_PATHS = "$(inherited) @executable_path/Frameworks @executable_path/../../Frameworks";
				PRODUCT_BUNDLE_IDENTIFIER = "com.pengfeixing.SinaMicroBlog-iWatch.watchkitapp.watchkitextension";
				PRODUCT_NAME = "${TARGET_NAME}";
				SDKROOT = watchos;
				SKIP_INSTALL = YES;
				TARGETED_DEVICE_FAMILY = 4;
				WATCHOS_DEPLOYMENT_TARGET = 2.1;
			};
			name = Release;
		};
		DA372D8C1C3D883E00494B96 /* Debug */ = {
			isa = XCBuildConfiguration;
			buildSettings = {
				ASSETCATALOG_COMPILER_APPICON_NAME = AppIcon;
				IBSC_MODULE = SinaMicroBlog_iWatch_WatchKit_Extension;
				INFOPLIST_FILE = "SinaMicroBlog-iWatch WatchKit App/Info.plist";
				PRODUCT_BUNDLE_IDENTIFIER = "com.pengfeixing.SinaMicroBlog-iWatch.watchkitapp";
				PRODUCT_NAME = "$(TARGET_NAME)";
				SDKROOT = watchos;
				SKIP_INSTALL = YES;
				TARGETED_DEVICE_FAMILY = 4;
				WATCHOS_DEPLOYMENT_TARGET = 2.1;
			};
			name = Debug;
		};
		DA372D8D1C3D883E00494B96 /* Release */ = {
			isa = XCBuildConfiguration;
			buildSettings = {
				ASSETCATALOG_COMPILER_APPICON_NAME = AppIcon;
				IBSC_MODULE = SinaMicroBlog_iWatch_WatchKit_Extension;
				INFOPLIST_FILE = "SinaMicroBlog-iWatch WatchKit App/Info.plist";
				PRODUCT_BUNDLE_IDENTIFIER = "com.pengfeixing.SinaMicroBlog-iWatch.watchkitapp";
				PRODUCT_NAME = "$(TARGET_NAME)";
				SDKROOT = watchos;
				SKIP_INSTALL = YES;
				TARGETED_DEVICE_FAMILY = 4;
				WATCHOS_DEPLOYMENT_TARGET = 2.1;
			};
			name = Release;
		};
		DA372D901C3D883E00494B96 /* Debug */ = {
			isa = XCBuildConfiguration;
			buildSettings = {
				ASSETCATALOG_COMPILER_APPICON_NAME = AppIcon;
				INFOPLIST_FILE = "SinaMicroBlog-iWatch/Info.plist";
				LD_RUNPATH_SEARCH_PATHS = "$(inherited) @executable_path/Frameworks";
				PRODUCT_BUNDLE_IDENTIFIER = "com.pengfeixing.SinaMicroBlog-iWatch";
				PRODUCT_NAME = "$(TARGET_NAME)";
			};
			name = Debug;
		};
		DA372D911C3D883E00494B96 /* Release */ = {
			isa = XCBuildConfiguration;
			buildSettings = {
				ASSETCATALOG_COMPILER_APPICON_NAME = AppIcon;
				INFOPLIST_FILE = "SinaMicroBlog-iWatch/Info.plist";
				LD_RUNPATH_SEARCH_PATHS = "$(inherited) @executable_path/Frameworks";
				PRODUCT_BUNDLE_IDENTIFIER = "com.pengfeixing.SinaMicroBlog-iWatch";
				PRODUCT_NAME = "$(TARGET_NAME)";
			};
			name = Release;
		};
		DA372D931C3D883E00494B96 /* Debug */ = {
			isa = XCBuildConfiguration;
			buildSettings = {
				BUNDLE_LOADER = "$(TEST_HOST)";
				INFOPLIST_FILE = "SinaMicroBlog-iWatchTests/Info.plist";
				LD_RUNPATH_SEARCH_PATHS = "$(inherited) @executable_path/Frameworks @loader_path/Frameworks";
				PRODUCT_BUNDLE_IDENTIFIER = "com.pengfeixing.SinaMicroBlog-iWatchTests";
				PRODUCT_NAME = "$(TARGET_NAME)";
				TEST_HOST = "$(BUILT_PRODUCTS_DIR)/SinaMicroBlog-iWatch.app/SinaMicroBlog-iWatch";
			};
			name = Debug;
		};
		DA372D941C3D883E00494B96 /* Release */ = {
			isa = XCBuildConfiguration;
			buildSettings = {
				BUNDLE_LOADER = "$(TEST_HOST)";
				INFOPLIST_FILE = "SinaMicroBlog-iWatchTests/Info.plist";
				LD_RUNPATH_SEARCH_PATHS = "$(inherited) @executable_path/Frameworks @loader_path/Frameworks";
				PRODUCT_BUNDLE_IDENTIFIER = "com.pengfeixing.SinaMicroBlog-iWatchTests";
				PRODUCT_NAME = "$(TARGET_NAME)";
				TEST_HOST = "$(BUILT_PRODUCTS_DIR)/SinaMicroBlog-iWatch.app/SinaMicroBlog-iWatch";
			};
			name = Release;
		};
		DA372D961C3D883E00494B96 /* Debug */ = {
			isa = XCBuildConfiguration;
			buildSettings = {
				INFOPLIST_FILE = "SinaMicroBlog-iWatchUITests/Info.plist";
				LD_RUNPATH_SEARCH_PATHS = "$(inherited) @executable_path/Frameworks @loader_path/Frameworks";
				PRODUCT_BUNDLE_IDENTIFIER = "com.pengfeixing.SinaMicroBlog-iWatchUITests";
				PRODUCT_NAME = "$(TARGET_NAME)";
				TEST_TARGET_NAME = "SinaMicroBlog-iWatch";
				USES_XCTRUNNER = YES;
			};
			name = Debug;
		};
		DA372D971C3D883E00494B96 /* Release */ = {
			isa = XCBuildConfiguration;
			buildSettings = {
				INFOPLIST_FILE = "SinaMicroBlog-iWatchUITests/Info.plist";
				LD_RUNPATH_SEARCH_PATHS = "$(inherited) @executable_path/Frameworks @loader_path/Frameworks";
				PRODUCT_BUNDLE_IDENTIFIER = "com.pengfeixing.SinaMicroBlog-iWatchUITests";
				PRODUCT_NAME = "$(TARGET_NAME)";
				TEST_TARGET_NAME = "SinaMicroBlog-iWatch";
				USES_XCTRUNNER = YES;
			};
			name = Release;
		};
/* End XCBuildConfiguration section */

/* Begin XCConfigurationList section */
		DA372D361C3D883D00494B96 /* Build configuration list for PBXProject "SinaMicroBlog-iWatch" */ = {
			isa = XCConfigurationList;
			buildConfigurations = (
				DA372D851C3D883E00494B96 /* Debug */,
				DA372D861C3D883E00494B96 /* Release */,
			);
			defaultConfigurationIsVisible = 0;
			defaultConfigurationName = Release;
		};
		DA372D871C3D883E00494B96 /* Build configuration list for PBXNativeTarget "SinaMicroBlog-iWatch WatchKit Extension" */ = {
			isa = XCConfigurationList;
			buildConfigurations = (
				DA372D881C3D883E00494B96 /* Debug */,
				DA372D891C3D883E00494B96 /* Release */,
			);
			defaultConfigurationIsVisible = 0;
		};
		DA372D8B1C3D883E00494B96 /* Build configuration list for PBXNativeTarget "SinaMicroBlog-iWatch WatchKit App" */ = {
			isa = XCConfigurationList;
			buildConfigurations = (
				DA372D8C1C3D883E00494B96 /* Debug */,
				DA372D8D1C3D883E00494B96 /* Release */,
			);
			defaultConfigurationIsVisible = 0;
		};
		DA372D8F1C3D883E00494B96 /* Build configuration list for PBXNativeTarget "SinaMicroBlog-iWatch" */ = {
			isa = XCConfigurationList;
			buildConfigurations = (
				DA372D901C3D883E00494B96 /* Debug */,
				DA372D911C3D883E00494B96 /* Release */,
			);
			defaultConfigurationIsVisible = 0;
		};
		DA372D921C3D883E00494B96 /* Build configuration list for PBXNativeTarget "SinaMicroBlog-iWatchTests" */ = {
			isa = XCConfigurationList;
			buildConfigurations = (
				DA372D931C3D883E00494B96 /* Debug */,
				DA372D941C3D883E00494B96 /* Release */,
			);
			defaultConfigurationIsVisible = 0;
		};
		DA372D951C3D883E00494B96 /* Build configuration list for PBXNativeTarget "SinaMicroBlog-iWatchUITests" */ = {
			isa = XCConfigurationList;
			buildConfigurations = (
				DA372D961C3D883E00494B96 /* Debug */,
				DA372D971C3D883E00494B96 /* Release */,
			);
			defaultConfigurationIsVisible = 0;
		};
/* End XCConfigurationList section */
	};
	rootObject = DA372D331C3D883D00494B96 /* Project object */;
}
